
Microsoft Visual Studio Solution File, Format Version 12.00
# Visual Studio Version 17
VisualStudioVersion = 17.14.36401.2 d17.14
MinimumVisualStudioVersion = 10.0.40219.1
Project("{8BC9CEB8-8B4A-11D0-8D11-00A0C91BC942}") = "Project3", "Project3\Project3.vcxproj", "{B5FF75A7-D57D-4D58-874B-6741AA2B485F}"
EndProject
Global
	GlobalSection(SolutionConfigurationPlatforms) = preSolution
		Debug|x64 = Debug|x64
		Debug|x86 = Debug|x86
		Release|x64 = Release|x64
		Release|x86 = Release|x86
	EndGlobalSection
	GlobalSection(ProjectConfigurationPlatforms) = postSolution
		{B5FF75A7-D57D-4D58-874B-6741AA2B485F}.Debug|x64.ActiveCfg = Debug|x64
		{B5FF75A7-D57D-4D58-874B-6741AA2B485F}.Debug|x64.Build.0 = Debug|x64
		{B5FF75A7-D57D-4D58-874B-6741AA2B485F}.Debug|x86.ActiveCfg = Debug|Win32
		{B5FF75A7-D57D-4D58-874B-6741AA2B485F}.Debug|x86.Build.0 = Debug|Win32
		{B5FF75A7-D57D-4D58-874B-6741AA2B485F}.Release|x64.ActiveCfg = Release|x64
		{B5FF75A7-D57D-4D58-874B-6741AA2B485F}.Release|x64.Build.0 = Release|x64
		{B5FF75A7-D57D-4D58-874B-6741AA2B485F}.Release|x86.ActiveCfg = Release|Win32
		{B5FF75A7-D57D-4D58-874B-6741AA2B485F}.Release|x86.Build.0 = Release|Win32
	EndGlobalSection
	GlobalSection(SolutionProperties) = preSolution
		HideSolutionNode = FALSE
	EndGlobalSection
	GlobalSection(ExtensibilityGlobals) = postSolution
		SolutionGuid = {6BFC6A1A-CB14-4E03-902B-814C6BED5B3E}
	EndGlobalSection
EndGlobal
